
Microsoft Visual Studio Solution File, Format Version 12.00
# Visual Studio Version 17
VisualStudioVersion = 17.0.31903.59
MinimumVisualStudioVersion = 10.0.40219.1
Project("{2150E333-8FDC-42A3-9474-1A3956D46DE8}") = "src", "src", "{1FDF4C70-8A4E-4E6A-B0BF-218F67D81FA3}"
EndProject
Project("{FAE04EC0-301F-11D3-BF4B-00C04F79EFBC}") = "AuthEvents", "src\AuthEvents\AuthEvents.csproj", "{7C6520CE-20B2-4CE9-A6A7-5B2394E87771}"
EndProject
Project("{2150E333-8FDC-42A3-9474-1A3956D46DE8}") = "test", "test", "{B739732F-1194-4A90-A02B-B140C83D3322}"
EndProject
Project("{FAE04EC0-301F-11D3-BF4B-00C04F79EFBC}") = "AuthEvents.Tests", "test\AuthEvents.Tests\AuthEvents.Tests.csproj", "{C0EA7F25-B548-4F88-A746-27188E753098}"
EndProject
Global
	GlobalSection(SolutionConfigurationPlatforms) = preSolution
		Debug|Any CPU = Debug|Any CPU
		Release|Any CPU = Release|Any CPU
	EndGlobalSection
	GlobalSection(SolutionProperties) = preSolution
		HideSolutionNode = FALSE
	EndGlobalSection
	GlobalSection(ProjectConfigurationPlatforms) = postSolution
		{7C6520CE-20B2-4CE9-A6A7-5B2394E87771}.Debug|Any CPU.ActiveCfg = Debug|Any CPU
		{7C6520CE-20B2-4CE9-A6A7-5B2394E87771}.Debug|Any CPU.Build.0 = Debug|Any CPU
		{7C6520CE-20B2-4CE9-A6A7-5B2394E87771}.Release|Any CPU.ActiveCfg = Release|Any CPU
		{7C6520CE-20B2-4CE9-A6A7-5B2394E87771}.Release|Any CPU.Build.0 = Release|Any CPU
		{C0EA7F25-B548-4F88-A746-27188E753098}.Debug|Any CPU.ActiveCfg = Debug|Any CPU
		{C0EA7F25-B548-4F88-A746-27188E753098}.Debug|Any CPU.Build.0 = Debug|Any CPU
		{C0EA7F25-B548-4F88-A746-27188E753098}.Release|Any CPU.ActiveCfg = Release|Any CPU
		{C0EA7F25-B548-4F88-A746-27188E753098}.Release|Any CPU.Build.0 = Release|Any CPU
	EndGlobalSection
	GlobalSection(NestedProjects) = preSolution
		{7C6520CE-20B2-4CE9-A6A7-5B2394E87771} = {1FDF4C70-8A4E-4E6A-B0BF-218F67D81FA3}
		{C0EA7F25-B548-4F88-A746-27188E753098} = {B739732F-1194-4A90-A02B-B140C83D3322}
	EndGlobalSection
EndGlobal
